github.com/brianvoe/gofakeit/v7 v7.2.1 h1:AGojgaaCdgq4Adzrd2uWdbGNDyX6MWNhHdQBraNfOHI=
github.com/brianvoe/gofakeit/v7 v7.2.1/go.mod h1:QXuPeBw164PJCzCUZVmgpgHJ3Llj49jSLVkKPMtxtxA=
github.com/fentec-project/bn256 v0.0.0-20190726093940-0d0fc8bfeed0 h1:mkWVpEiA+MMlWxElUXRqTVSH9eETZvqJ21NZTaDaMiI=
github.com/fentec-project/bn256 v0.0.0-20190726093940-0d0fc8bfeed0/go.mod h1:llEBqR6SDQxLj2lH10BjIYPrcoqDAFv6mhsqvHfIzlI=
github.com/fentec-project/gofe v0.0.0-20220829150550-ccc7482d20ef h1:9p5/l5zk8UkCKpK1JHna7oWjWl2xi1o0lfWw7YAmrio=
github.com/fentec-project/gofe v0.0.0-20220829150550-ccc7482d20ef/go.mod h1:L8BwMRmIIEVQK1Un7rpnuOhex40gk4Quu50C8v34QFc=
github.com/lib/pq v1.10.9 h1:YXG7RB+JIjhP29X+OtkiDnYaXQwpS4JEWq7dtCCRUEw=
github.com/lib/pq v1.10.9/go.mod h1:AlVN5x4E4T544tWzH6hKfbfQvm3HdbOxrmggDNAPY9o=
github.com/pkg/errors v0.9.1 h1:FEBLx1zS214owpjy7qsBeixbURkuhQAwrK5UwLGTwt4=
github.com/pkg/errors v0.9.1/go.mod h1:bwawxfHBFNV+L2hUp1rHADufV3IMtnDRdf1r5NINEl0=
github.com/pzkt/abe-scripts/generate-pseudodata v0.0.0-20250618040331-9f72c14021ac h1:9FBchMfNAaPTCCNiTIZB2XY8iUVjKV0aKkGO+ZCAuoI=
github.com/pzkt/abe-scripts/generate-pseudodata v0.0.0-20250618040331-9f72c14021ac/go.mod h1:kvsZYjhLEWWOHvYpUNRSqfHVVZkq+6U2qZLWF2e1194=
github.com/pzkt/abe-scripts/generate-pseudodata v0.0.0-20250618225459-e749081f17fc h1:e04lO4bta7lrLW1UYuZlir5hNT3z2AAwEjpSMUJNays=
github.com/pzkt/abe-scripts/generate-pseudodata v0.0.0-20250618225459-e749081f17fc/go.mod h1:kvsZYjhLEWWOHvYpUNRSqfHVVZkq+6U2qZLWF2e1194=
golang.org/x/crypto v0.0.0-20211115234514-b4de73f9ece8 h1:5QRxNnVsaJP6NAse0UdkRgL3zHMvCRRkrDVLNdNpdy4=
golang.org/x/crypto v0.0.0-20211115234514-b4de73f9ece8/go.mod h1:GvvjBRRGRdwPK5ydBHafDWAxML/pGHZbMvKqRZ5+Abc=
golang.org/x/exp v0.0.0-20250606033433-dcc06ee1d476 h1:bsqhLWFR6G6xiQcb+JoGqdKdRU6WzPWmK8E0jxTjzo4=
golang.org/x/exp v0.0.0-20250606033433-dcc06ee1d476/go.mod h1:3//PLf8L/X+8b4vuAfHzxeRUl04Adcb341+IGKfnqS8=
golang.org/x/sys v0.0.0-20210615035016-665e8c7367d1 h1:SrN+KX8Art/Sf4HNj6Zcz06G7VEz+7w9tdXTPOZ7+l4=
golang.org/x/sys v0.0.0-20210615035016-665e8c7367d1/go.mod h1:oPkhp1MJrh7nUepCBck5+mAzfO9JrbApNNgaTdGDITg=
